
Microsoft Visual Studio Solution File, Format Version 12.00
Project("{2150E333-8FDC-42A3-9474-1A3956D46DE8}") = "Test", "Test", "{59D62DAC-FEEA-4588-A8DD-77CA3D1C62F9}"
EndProject
Project("{2150E333-8FDC-42A3-9474-1A3956D46DE8}") = "Bashi", "Bashi", "{E835539B-EF2D-4D90-B7D7-EFA0EB70BB06}"
EndProject
Project("{2150E333-8FDC-42A3-9474-1A3956D46DE8}") = "Slack", "Slack", "{73CC1EC3-2D00-4F85-9580-8E735C87EE81}"
EndProject
Project("{2150E333-8FDC-42A3-9474-1A3956D46DE8}") = "Slack", "Slack", "{75243E89-865A-4051-AF57-D92AC86F0C5E}"
EndProject
Project("{FAE04EC0-301F-11D3-BF4B-00C04F79EFBC}") = "Bashi", "src\Bashi\Bashi.csproj", "{69096D00-0747-4FF1-A5C5-C29C49E3B7A1}"
EndProject
Project("{FAE04EC0-301F-11D3-BF4B-00C04F79EFBC}") = "Slack.Api.Message", "src\Slack.Api.Message\Slack.Api.Message.csproj", "{C91C4B65-B7CD-4C70-99D0-E3817F5B7DCC}"
EndProject
Project("{FAE04EC0-301F-11D3-BF4B-00C04F79EFBC}") = "Slack.Api.Rtm", "src\Slack.Api.Rtm\Slack.Api.Rtm.csproj", "{1DBAC5D2-6AF9-46D7-9C84-2769A0B54DD0}"
EndProject
Project("{FAE04EC0-301F-11D3-BF4B-00C04F79EFBC}") = "Slack.Api.Web", "src\Slack.Api.Web\Slack.Api.Web.csproj", "{D0EDDB55-BFFD-4F1B-A386-E21CCC0A27F2}"
EndProject
Project("{FAE04EC0-301F-11D3-BF4B-00C04F79EFBC}") = "Slack.Api.Rtm.Test", "test\Slack.Api.Rtm.Test\Slack.Api.Rtm.Test.csproj", "{077FDE38-BDCB-4A88-8693-701927312DB6}"
EndProject
Project("{FAE04EC0-301F-11D3-BF4B-00C04F79EFBC}") = "Bashi.Slack", "src\Bashi.Slack\Bashi.Slack.csproj", "{A1DFF872-8384-4E1A-A8A5-5A2FE00886AC}"
EndProject
Global
	GlobalSection(SolutionConfigurationPlatforms) = preSolution
		Debug|Any CPU = Debug|Any CPU
		Release|Any CPU = Release|Any CPU
	EndGlobalSection
	GlobalSection(ProjectConfigurationPlatforms) = postSolution
		{69096D00-0747-4FF1-A5C5-C29C49E3B7A1}.Debug|Any CPU.ActiveCfg = Debug|Any CPU
		{69096D00-0747-4FF1-A5C5-C29C49E3B7A1}.Debug|Any CPU.Build.0 = Debug|Any CPU
		{69096D00-0747-4FF1-A5C5-C29C49E3B7A1}.Release|Any CPU.ActiveCfg = Release|Any CPU
		{69096D00-0747-4FF1-A5C5-C29C49E3B7A1}.Release|Any CPU.Build.0 = Release|Any CPU
		{C91C4B65-B7CD-4C70-99D0-E3817F5B7DCC}.Debug|Any CPU.ActiveCfg = Debug|Any CPU
		{C91C4B65-B7CD-4C70-99D0-E3817F5B7DCC}.Debug|Any CPU.Build.0 = Debug|Any CPU
		{C91C4B65-B7CD-4C70-99D0-E3817F5B7DCC}.Release|Any CPU.ActiveCfg = Release|Any CPU
		{C91C4B65-B7CD-4C70-99D0-E3817F5B7DCC}.Release|Any CPU.Build.0 = Release|Any CPU
		{1DBAC5D2-6AF9-46D7-9C84-2769A0B54DD0}.Debug|Any CPU.ActiveCfg = Debug|Any CPU
		{1DBAC5D2-6AF9-46D7-9C84-2769A0B54DD0}.Debug|Any CPU.Build.0 = Debug|Any CPU
		{1DBAC5D2-6AF9-46D7-9C84-2769A0B54DD0}.Release|Any CPU.ActiveCfg = Release|Any CPU
		{1DBAC5D2-6AF9-46D7-9C84-2769A0B54DD0}.Release|Any CPU.Build.0 = Release|Any CPU
		{D0EDDB55-BFFD-4F1B-A386-E21CCC0A27F2}.Debug|Any CPU.ActiveCfg = Debug|Any CPU
		{D0EDDB55-BFFD-4F1B-A386-E21CCC0A27F2}.Debug|Any CPU.Build.0 = Debug|Any CPU
		{D0EDDB55-BFFD-4F1B-A386-E21CCC0A27F2}.Release|Any CPU.ActiveCfg = Release|Any CPU
		{D0EDDB55-BFFD-4F1B-A386-E21CCC0A27F2}.Release|Any CPU.Build.0 = Release|Any CPU
		{077FDE38-BDCB-4A88-8693-701927312DB6}.Debug|Any CPU.ActiveCfg = Debug|Any CPU
		{077FDE38-BDCB-4A88-8693-701927312DB6}.Debug|Any CPU.Build.0 = Debug|Any CPU
		{077FDE38-BDCB-4A88-8693-701927312DB6}.Release|Any CPU.ActiveCfg = Release|Any CPU
		{077FDE38-BDCB-4A88-8693-701927312DB6}.Release|Any CPU.Build.0 = Release|Any CPU
		{A1DFF872-8384-4E1A-A8A5-5A2FE00886AC}.Debug|Any CPU.ActiveCfg = Debug|Any CPU
		{A1DFF872-8384-4E1A-A8A5-5A2FE00886AC}.Debug|Any CPU.Build.0 = Debug|Any CPU
		{A1DFF872-8384-4E1A-A8A5-5A2FE00886AC}.Release|Any CPU.ActiveCfg = Release|Any CPU
		{A1DFF872-8384-4E1A-A8A5-5A2FE00886AC}.Release|Any CPU.Build.0 = Release|Any CPU
	EndGlobalSection
	GlobalSection(NestedProjects) = preSolution
		{75243E89-865A-4051-AF57-D92AC86F0C5E} = {59D62DAC-FEEA-4588-A8DD-77CA3D1C62F9}
		{69096D00-0747-4FF1-A5C5-C29C49E3B7A1} = {E835539B-EF2D-4D90-B7D7-EFA0EB70BB06}
		{C91C4B65-B7CD-4C70-99D0-E3817F5B7DCC} = {73CC1EC3-2D00-4F85-9580-8E735C87EE81}
		{1DBAC5D2-6AF9-46D7-9C84-2769A0B54DD0} = {73CC1EC3-2D00-4F85-9580-8E735C87EE81}
		{D0EDDB55-BFFD-4F1B-A386-E21CCC0A27F2} = {73CC1EC3-2D00-4F85-9580-8E735C87EE81}
		{077FDE38-BDCB-4A88-8693-701927312DB6} = {75243E89-865A-4051-AF57-D92AC86F0C5E}
		{A1DFF872-8384-4E1A-A8A5-5A2FE00886AC} = {E835539B-EF2D-4D90-B7D7-EFA0EB70BB06}
	EndGlobalSection
EndGlobal
