
Microsoft Visual Studio Solution File, Format Version 12.00
Project("{2150E333-8FDC-42A3-9474-1A3956D46DE8}") = "Bashi", "Bashi", "{E835539B-EF2D-4D90-B7D7-EFA0EB70BB06}"
EndProject
Project("{2150E333-8FDC-42A3-9474-1A3956D46DE8}") = "Slack", "Slack", "{73CC1EC3-2D00-4F85-9580-8E735C87EE81}"
EndProject
Project("{2150E333-8FDC-42A3-9474-1A3956D46DE8}") = "Test", "Test", "{59D62DAC-FEEA-4588-A8DD-77CA3D1C62F9}"
EndProject
Project("{2150E333-8FDC-42A3-9474-1A3956D46DE8}") = "Slack", "Slack", "{75243E89-865A-4051-AF57-D92AC86F0C5E}"
EndProject
Project("{FAE04EC0-301F-11D3-BF4B-00C04F79EFBC}") = "Bashi", "src\Bashi\Bashi.csproj", "{69096D00-0747-4FF1-A5C5-C29C49E3B7A1}"
EndProject
Project("{FAE04EC0-301F-11D3-BF4B-00C04F79EFBC}") = "Bashi.Core", "src\Bashi.Core\Bashi.Core.csproj", "{E55231AF-4733-4D07-9B38-1851504E2991}"
EndProject
Project("{FAE04EC0-301F-11D3-BF4B-00C04F79EFBC}") = "Bashi.Slack", "src\Bashi.Slack\Bashi.Slack.csproj", "{A1DFF872-8384-4E1A-A8A5-5A2FE00886AC}"
EndProject
Project("{FAE04EC0-301F-11D3-BF4B-00C04F79EFBC}") = "SlackApi.Core", "src\SlackApi.Core\SlackApi.Core.csproj", "{F432F154-E8EB-418C-88B8-6967483E8F6D}"
EndProject
Project("{FAE04EC0-301F-11D3-BF4B-00C04F79EFBC}") = "SlackApi.Rtm", "src\SlackApi.Rtm\SlackApi.Rtm.csproj", "{8A0FF980-FD28-44AD-9786-23A3BE66F2B9}"
EndProject
Project("{FAE04EC0-301F-11D3-BF4B-00C04F79EFBC}") = "SlackApi.Web", "src\SlackApi.Web\SlackApi.Web.csproj", "{DB6CA283-84E7-48D9-8861-F4C1DB3EBAC8}"
EndProject
Project("{FAE04EC0-301F-11D3-BF4B-00C04F79EFBC}") = "SlackApi.Rtm.Test", "test\SlackApi.Rtm.Test\SlackApi.Rtm.Test.csproj", "{306FB045-4F94-4182-A35F-AB36250E02C4}"
EndProject
Project("{FAE04EC0-301F-11D3-BF4B-00C04F79EFBC}") = "Bashi.Config", "src\Bashi.Config\Bashi.Config.csproj", "{2E4EF3E2-BD71-4D45-8667-8A383ACD62A7}"
EndProject
Project("{2150E333-8FDC-42A3-9474-1A3956D46DE8}") = "Bashi", "Bashi", "{6A61E6DE-EFB1-472F-BE4C-32338574A004}"
EndProject
Project("{FAE04EC0-301F-11D3-BF4B-00C04F79EFBC}") = "Bashi.Log", "src\Bashi.Log\Bashi.Log.csproj", "{75FDA375-CFDD-494A-AD92-951EDEA50426}"
EndProject
Project("{FAE04EC0-301F-11D3-BF4B-00C04F79EFBC}") = "Bashi.Config.Test", "test\Bashi.Config.Test\Bashi.Config.Test.csproj", "{2934079A-F44B-4AB7-A922-EFFA1DE5F2B9}"
EndProject
Global
	GlobalSection(SolutionConfigurationPlatforms) = preSolution
		Debug|Any CPU = Debug|Any CPU
		Release|Any CPU = Release|Any CPU
	EndGlobalSection
	GlobalSection(ProjectConfigurationPlatforms) = postSolution
		{69096D00-0747-4FF1-A5C5-C29C49E3B7A1}.Debug|Any CPU.ActiveCfg = Debug|Any CPU
		{69096D00-0747-4FF1-A5C5-C29C49E3B7A1}.Debug|Any CPU.Build.0 = Debug|Any CPU
		{69096D00-0747-4FF1-A5C5-C29C49E3B7A1}.Release|Any CPU.ActiveCfg = Release|Any CPU
		{69096D00-0747-4FF1-A5C5-C29C49E3B7A1}.Release|Any CPU.Build.0 = Release|Any CPU
		{A1DFF872-8384-4E1A-A8A5-5A2FE00886AC}.Debug|Any CPU.ActiveCfg = Debug|Any CPU
		{A1DFF872-8384-4E1A-A8A5-5A2FE00886AC}.Debug|Any CPU.Build.0 = Debug|Any CPU
		{A1DFF872-8384-4E1A-A8A5-5A2FE00886AC}.Release|Any CPU.ActiveCfg = Release|Any CPU
		{A1DFF872-8384-4E1A-A8A5-5A2FE00886AC}.Release|Any CPU.Build.0 = Release|Any CPU
		{E55231AF-4733-4D07-9B38-1851504E2991}.Debug|Any CPU.ActiveCfg = Debug|Any CPU
		{E55231AF-4733-4D07-9B38-1851504E2991}.Debug|Any CPU.Build.0 = Debug|Any CPU
		{E55231AF-4733-4D07-9B38-1851504E2991}.Release|Any CPU.ActiveCfg = Release|Any CPU
		{E55231AF-4733-4D07-9B38-1851504E2991}.Release|Any CPU.Build.0 = Release|Any CPU
		{F432F154-E8EB-418C-88B8-6967483E8F6D}.Debug|Any CPU.ActiveCfg = Debug|Any CPU
		{F432F154-E8EB-418C-88B8-6967483E8F6D}.Debug|Any CPU.Build.0 = Debug|Any CPU
		{F432F154-E8EB-418C-88B8-6967483E8F6D}.Release|Any CPU.ActiveCfg = Release|Any CPU
		{F432F154-E8EB-418C-88B8-6967483E8F6D}.Release|Any CPU.Build.0 = Release|Any CPU
		{DB6CA283-84E7-48D9-8861-F4C1DB3EBAC8}.Debug|Any CPU.ActiveCfg = Debug|Any CPU
		{DB6CA283-84E7-48D9-8861-F4C1DB3EBAC8}.Debug|Any CPU.Build.0 = Debug|Any CPU
		{DB6CA283-84E7-48D9-8861-F4C1DB3EBAC8}.Release|Any CPU.ActiveCfg = Release|Any CPU
		{DB6CA283-84E7-48D9-8861-F4C1DB3EBAC8}.Release|Any CPU.Build.0 = Release|Any CPU
		{8A0FF980-FD28-44AD-9786-23A3BE66F2B9}.Debug|Any CPU.ActiveCfg = Debug|Any CPU
		{8A0FF980-FD28-44AD-9786-23A3BE66F2B9}.Debug|Any CPU.Build.0 = Debug|Any CPU
		{8A0FF980-FD28-44AD-9786-23A3BE66F2B9}.Release|Any CPU.ActiveCfg = Release|Any CPU
		{8A0FF980-FD28-44AD-9786-23A3BE66F2B9}.Release|Any CPU.Build.0 = Release|Any CPU
		{306FB045-4F94-4182-A35F-AB36250E02C4}.Debug|Any CPU.ActiveCfg = Debug|Any CPU
		{306FB045-4F94-4182-A35F-AB36250E02C4}.Debug|Any CPU.Build.0 = Debug|Any CPU
		{306FB045-4F94-4182-A35F-AB36250E02C4}.Release|Any CPU.ActiveCfg = Release|Any CPU
		{306FB045-4F94-4182-A35F-AB36250E02C4}.Release|Any CPU.Build.0 = Release|Any CPU
		{2E4EF3E2-BD71-4D45-8667-8A383ACD62A7}.Debug|Any CPU.ActiveCfg = Debug|Any CPU
		{2E4EF3E2-BD71-4D45-8667-8A383ACD62A7}.Debug|Any CPU.Build.0 = Debug|Any CPU
		{2E4EF3E2-BD71-4D45-8667-8A383ACD62A7}.Release|Any CPU.ActiveCfg = Release|Any CPU
		{2E4EF3E2-BD71-4D45-8667-8A383ACD62A7}.Release|Any CPU.Build.0 = Release|Any CPU
		{75FDA375-CFDD-494A-AD92-951EDEA50426}.Debug|Any CPU.ActiveCfg = Debug|Any CPU
		{75FDA375-CFDD-494A-AD92-951EDEA50426}.Debug|Any CPU.Build.0 = Debug|Any CPU
		{75FDA375-CFDD-494A-AD92-951EDEA50426}.Release|Any CPU.ActiveCfg = Release|Any CPU
		{75FDA375-CFDD-494A-AD92-951EDEA50426}.Release|Any CPU.Build.0 = Release|Any CPU
		{2934079A-F44B-4AB7-A922-EFFA1DE5F2B9}.Debug|Any CPU.ActiveCfg = Debug|Any CPU
		{2934079A-F44B-4AB7-A922-EFFA1DE5F2B9}.Debug|Any CPU.Build.0 = Debug|Any CPU
		{2934079A-F44B-4AB7-A922-EFFA1DE5F2B9}.Release|Any CPU.ActiveCfg = Release|Any CPU
		{2934079A-F44B-4AB7-A922-EFFA1DE5F2B9}.Release|Any CPU.Build.0 = Release|Any CPU
	EndGlobalSection
	GlobalSection(NestedProjects) = preSolution
		{75243E89-865A-4051-AF57-D92AC86F0C5E} = {59D62DAC-FEEA-4588-A8DD-77CA3D1C62F9}
		{69096D00-0747-4FF1-A5C5-C29C49E3B7A1} = {E835539B-EF2D-4D90-B7D7-EFA0EB70BB06}
		{A1DFF872-8384-4E1A-A8A5-5A2FE00886AC} = {E835539B-EF2D-4D90-B7D7-EFA0EB70BB06}
		{E55231AF-4733-4D07-9B38-1851504E2991} = {E835539B-EF2D-4D90-B7D7-EFA0EB70BB06}
		{F432F154-E8EB-418C-88B8-6967483E8F6D} = {73CC1EC3-2D00-4F85-9580-8E735C87EE81}
		{DB6CA283-84E7-48D9-8861-F4C1DB3EBAC8} = {73CC1EC3-2D00-4F85-9580-8E735C87EE81}
		{8A0FF980-FD28-44AD-9786-23A3BE66F2B9} = {73CC1EC3-2D00-4F85-9580-8E735C87EE81}
		{306FB045-4F94-4182-A35F-AB36250E02C4} = {75243E89-865A-4051-AF57-D92AC86F0C5E}
		{2E4EF3E2-BD71-4D45-8667-8A383ACD62A7} = {E835539B-EF2D-4D90-B7D7-EFA0EB70BB06}
		{6A61E6DE-EFB1-472F-BE4C-32338574A004} = {59D62DAC-FEEA-4588-A8DD-77CA3D1C62F9}
		{75FDA375-CFDD-494A-AD92-951EDEA50426} = {E835539B-EF2D-4D90-B7D7-EFA0EB70BB06}
		{2934079A-F44B-4AB7-A922-EFFA1DE5F2B9} = {6A61E6DE-EFB1-472F-BE4C-32338574A004}
	EndGlobalSection
EndGlobal
